
Microsoft Visual Studio Solution File, Format Version 12.00
# Visual Studio Version 17
VisualStudioVersion = 17.0.31919.166
MinimumVisualStudioVersion = 10.0.40219.1
Project("{9A19103F-16F7-4668-BE54-9A1E7A4F7556}") = "Flow.Launcher.Plugin.Unity3D", "Flow.Launcher.Plugin.Unity3D.csproj", "{95C1CCB0-D1C6-415E-9652-BFC8264A5792}"
EndProject
Global
	GlobalSection(SolutionConfigurationPlatforms) = preSolution
		Debug|Any CPU = Debug|Any CPU
		Release|Any CPU = Release|Any CPU
	EndGlobalSection
	GlobalSection(ProjectConfigurationPlatforms) = postSolution
		{95C1CCB0-D1C6-415E-9652-BFC8264A5792}.Debug|Any CPU.ActiveCfg = Debug|Any CPU
		{95C1CCB0-D1C6-415E-9652-BFC8264A5792}.Debug|Any CPU.Build.0 = Debug|Any CPU
		{95C1CCB0-D1C6-415E-9652-BFC8264A5792}.Release|Any CPU.ActiveCfg = Release|Any CPU
		{95C1CCB0-D1C6-415E-9652-BFC8264A5792}.Release|Any CPU.Build.0 = Release|Any CPU
	EndGlobalSection
	GlobalSection(SolutionProperties) = preSolution
		HideSolutionNode = FALSE
	EndGlobalSection
	GlobalSection(ExtensibilityGlobals) = postSolution
		SolutionGuid = {FC4F0ADD-8DFE-43AD-AFAA-750BA7EDD2F8}
	EndGlobalSection
EndGlobal
