
Microsoft Visual Studio Solution File, Format Version 12.00
# Visual Studio Version 17
VisualStudioVersion = 17.2.32526.322
MinimumVisualStudioVersion = 10.0.40219.1
Project("{9A19103F-16F7-4668-BE54-9A1E7A4F7556}") = "Flow.Launcher.Plugin.UnityHelper", "Flow.Launcher.Plugin.UnityHelper.csproj", "{D5651775-A237-46BF-BB22-00E18F2D2A54}"
EndProject
Global
	GlobalSection(SolutionConfigurationPlatforms) = preSolution
		Debug|Any CPU = Debug|Any CPU
		Release|Any CPU = Release|Any CPU
	EndGlobalSection
	GlobalSection(ProjectConfigurationPlatforms) = postSolution
		{D5651775-A237-46BF-BB22-00E18F2D2A54}.Debug|Any CPU.ActiveCfg = Debug|Any CPU
		{D5651775-A237-46BF-BB22-00E18F2D2A54}.Debug|Any CPU.Build.0 = Debug|Any CPU
		{D5651775-A237-46BF-BB22-00E18F2D2A54}.Release|Any CPU.ActiveCfg = Release|Any CPU
		{D5651775-A237-46BF-BB22-00E18F2D2A54}.Release|Any CPU.Build.0 = Release|Any CPU
	EndGlobalSection
	GlobalSection(SolutionProperties) = preSolution
		HideSolutionNode = FALSE
	EndGlobalSection
	GlobalSection(ExtensibilityGlobals) = postSolution
		SolutionGuid = {EF5E7C31-5CB2-4B4D-97C1-5992DA0E6618}
	EndGlobalSection
EndGlobal
